
Microsoft Visual Studio Solution File, Format Version 12.00
# Visual Studio 15
VisualStudioVersion = 15.0.28307.960
MinimumVisualStudioVersion = 10.0.40219.1
Project("{FAE04EC0-301F-11D3-BF4B-00C04F79EFBC}") = "TivoliLogfil", "TivoliLogfil\TivoliLogfil.csproj", "{3DB59BA2-08EE-441D-BED0-72006A85E131}"
EndProject
Global
	GlobalSection(SolutionConfigurationPlatforms) = preSolution
		Debug|Any CPU = Debug|Any CPU
		Release|Any CPU = Release|Any CPU
	EndGlobalSection
	GlobalSection(ProjectConfigurationPlatforms) = postSolution
		{3DB59BA2-08EE-441D-BED0-72006A85E131}.Debug|Any CPU.ActiveCfg = Debug|Any CPU
		{3DB59BA2-08EE-441D-BED0-72006A85E131}.Debug|Any CPU.Build.0 = Debug|Any CPU
		{3DB59BA2-08EE-441D-BED0-72006A85E131}.Release|Any CPU.ActiveCfg = Release|Any CPU
		{3DB59BA2-08EE-441D-BED0-72006A85E131}.Release|Any CPU.Build.0 = Release|Any CPU
	EndGlobalSection
	GlobalSection(SolutionProperties) = preSolution
		HideSolutionNode = FALSE
	EndGlobalSection
	GlobalSection(ExtensibilityGlobals) = postSolution
		SolutionGuid = {C0635B34-4CA6-4F4C-A6F3-191B8DDDE1CB}
	EndGlobalSection
EndGlobal
